
Microsoft Visual Studio Solution File, Format Version 12.00
# Visual Studio Version 17
VisualStudioVersion = 17.3.32922.545
MinimumVisualStudioVersion = 10.0.40219.1
Project("{2150E333-8FDC-42A3-9474-1A3956D46DE8}") = "ApplicationCore", "ApplicationCore", "{B150E78B-8FC5-4292-BC69-44D1ADDA7633}"
EndProject
Project("{9A19103F-16F7-4668-BE54-9A1E7A4F7556}") = "DesktopHost", "DesktopHost\DesktopHost.csproj", "{E77A33C8-7FBB-4AAC-AE26-DAA1A346FB3A}"
EndProject
Project("{9A19103F-16F7-4668-BE54-9A1E7A4F7556}") = "ApplicationCore", "ApplicationCore\ApplicationCore\ApplicationCore.csproj", "{79DD6ED3-971B-4913-9708-396E01D6DEF8}"
EndProject
Project("{9A19103F-16F7-4668-BE54-9A1E7A4F7556}") = "ApplicationCore.Tests.Unit", "ApplicationCore\ApplicationCore.Tests.Unit\ApplicationCore.Tests.Unit.csproj", "{666A8411-3645-46F0-9F5D-5FEEB585C9FF}"
EndProject
Project("{2150E333-8FDC-42A3-9474-1A3956D46DE8}") = "Solution Items", "Solution Items", "{11370171-39FB-4E64-B981-1BE8107E3BE9}"
	ProjectSection(SolutionItems) = preProject
		.gitignore = .gitignore
		version.json = version.json
	EndProjectSection
EndProject
Project("{C7167F0D-BC9F-4E6E-AFE1-012C56B48DB5}") = "Package", "Package\Package.wapproj", "{A3054482-612B-48CD-8D44-40DDC2FE4278}"
EndProject
Project("{2150E333-8FDC-42A3-9474-1A3956D46DE8}") = "workflows", "workflows", "{C86A9F12-8A0B-4320-AAD3-D98E4671EEBA}"
	ProjectSection(SolutionItems) = preProject
		.github\workflows\deploy_preview.yml = .github\workflows\deploy_preview.yml
	EndProjectSection
EndProject
Global
	GlobalSection(SolutionConfigurationPlatforms) = preSolution
		Debug|Any CPU = Debug|Any CPU
		Debug|ARM = Debug|ARM
		Debug|ARM64 = Debug|ARM64
		Debug|x64 = Debug|x64
		Debug|x86 = Debug|x86
		Release|Any CPU = Release|Any CPU
		Release|ARM = Release|ARM
		Release|ARM64 = Release|ARM64
		Release|x64 = Release|x64
		Release|x86 = Release|x86
	EndGlobalSection
	GlobalSection(ProjectConfigurationPlatforms) = postSolution
		{E77A33C8-7FBB-4AAC-AE26-DAA1A346FB3A}.Debug|Any CPU.ActiveCfg = Debug|x64
		{E77A33C8-7FBB-4AAC-AE26-DAA1A346FB3A}.Debug|Any CPU.Build.0 = Debug|x64
		{E77A33C8-7FBB-4AAC-AE26-DAA1A346FB3A}.Debug|ARM.ActiveCfg = Debug|Any CPU
		{E77A33C8-7FBB-4AAC-AE26-DAA1A346FB3A}.Debug|ARM.Build.0 = Debug|Any CPU
		{E77A33C8-7FBB-4AAC-AE26-DAA1A346FB3A}.Debug|ARM64.ActiveCfg = Debug|Any CPU
		{E77A33C8-7FBB-4AAC-AE26-DAA1A346FB3A}.Debug|ARM64.Build.0 = Debug|Any CPU
		{E77A33C8-7FBB-4AAC-AE26-DAA1A346FB3A}.Debug|x64.ActiveCfg = Debug|Any CPU
		{E77A33C8-7FBB-4AAC-AE26-DAA1A346FB3A}.Debug|x64.Build.0 = Debug|Any CPU
		{E77A33C8-7FBB-4AAC-AE26-DAA1A346FB3A}.Debug|x86.ActiveCfg = Debug|Any CPU
		{E77A33C8-7FBB-4AAC-AE26-DAA1A346FB3A}.Debug|x86.Build.0 = Debug|Any CPU
		{E77A33C8-7FBB-4AAC-AE26-DAA1A346FB3A}.Release|Any CPU.ActiveCfg = Release|Any CPU
		{E77A33C8-7FBB-4AAC-AE26-DAA1A346FB3A}.Release|Any CPU.Build.0 = Release|Any CPU
		{E77A33C8-7FBB-4AAC-AE26-DAA1A346FB3A}.Release|ARM.ActiveCfg = Release|Any CPU
		{E77A33C8-7FBB-4AAC-AE26-DAA1A346FB3A}.Release|ARM.Build.0 = Release|Any CPU
		{E77A33C8-7FBB-4AAC-AE26-DAA1A346FB3A}.Release|ARM64.ActiveCfg = Release|Any CPU
		{E77A33C8-7FBB-4AAC-AE26-DAA1A346FB3A}.Release|ARM64.Build.0 = Release|Any CPU
		{E77A33C8-7FBB-4AAC-AE26-DAA1A346FB3A}.Release|x64.ActiveCfg = Release|Any CPU
		{E77A33C8-7FBB-4AAC-AE26-DAA1A346FB3A}.Release|x64.Build.0 = Release|Any CPU
		{E77A33C8-7FBB-4AAC-AE26-DAA1A346FB3A}.Release|x86.ActiveCfg = Release|Any CPU
		{E77A33C8-7FBB-4AAC-AE26-DAA1A346FB3A}.Release|x86.Build.0 = Release|Any CPU
		{79DD6ED3-971B-4913-9708-396E01D6DEF8}.Debug|Any CPU.ActiveCfg = Debug|x64
		{79DD6ED3-971B-4913-9708-396E01D6DEF8}.Debug|Any CPU.Build.0 = Debug|x64
		{79DD6ED3-971B-4913-9708-396E01D6DEF8}.Debug|ARM.ActiveCfg = Debug|Any CPU
		{79DD6ED3-971B-4913-9708-396E01D6DEF8}.Debug|ARM.Build.0 = Debug|Any CPU
		{79DD6ED3-971B-4913-9708-396E01D6DEF8}.Debug|ARM64.ActiveCfg = Debug|Any CPU
		{79DD6ED3-971B-4913-9708-396E01D6DEF8}.Debug|ARM64.Build.0 = Debug|Any CPU
		{79DD6ED3-971B-4913-9708-396E01D6DEF8}.Debug|x64.ActiveCfg = Debug|Any CPU
		{79DD6ED3-971B-4913-9708-396E01D6DEF8}.Debug|x64.Build.0 = Debug|Any CPU
		{79DD6ED3-971B-4913-9708-396E01D6DEF8}.Debug|x86.ActiveCfg = Debug|Any CPU
		{79DD6ED3-971B-4913-9708-396E01D6DEF8}.Debug|x86.Build.0 = Debug|Any CPU
		{79DD6ED3-971B-4913-9708-396E01D6DEF8}.Release|Any CPU.ActiveCfg = Release|Any CPU
		{79DD6ED3-971B-4913-9708-396E01D6DEF8}.Release|Any CPU.Build.0 = Release|Any CPU
		{79DD6ED3-971B-4913-9708-396E01D6DEF8}.Release|ARM.ActiveCfg = Release|Any CPU
		{79DD6ED3-971B-4913-9708-396E01D6DEF8}.Release|ARM.Build.0 = Release|Any CPU
		{79DD6ED3-971B-4913-9708-396E01D6DEF8}.Release|ARM64.ActiveCfg = Release|Any CPU
		{79DD6ED3-971B-4913-9708-396E01D6DEF8}.Release|ARM64.Build.0 = Release|Any CPU
		{79DD6ED3-971B-4913-9708-396E01D6DEF8}.Release|x64.ActiveCfg = Release|Any CPU
		{79DD6ED3-971B-4913-9708-396E01D6DEF8}.Release|x64.Build.0 = Release|Any CPU
		{79DD6ED3-971B-4913-9708-396E01D6DEF8}.Release|x86.ActiveCfg = Release|Any CPU
		{79DD6ED3-971B-4913-9708-396E01D6DEF8}.Release|x86.Build.0 = Release|Any CPU
		{666A8411-3645-46F0-9F5D-5FEEB585C9FF}.Debug|Any CPU.ActiveCfg = Debug|Any CPU
		{666A8411-3645-46F0-9F5D-5FEEB585C9FF}.Debug|Any CPU.Build.0 = Debug|Any CPU
		{666A8411-3645-46F0-9F5D-5FEEB585C9FF}.Debug|ARM.ActiveCfg = Debug|Any CPU
		{666A8411-3645-46F0-9F5D-5FEEB585C9FF}.Debug|ARM.Build.0 = Debug|Any CPU
		{666A8411-3645-46F0-9F5D-5FEEB585C9FF}.Debug|ARM64.ActiveCfg = Debug|Any CPU
		{666A8411-3645-46F0-9F5D-5FEEB585C9FF}.Debug|ARM64.Build.0 = Debug|Any CPU
		{666A8411-3645-46F0-9F5D-5FEEB585C9FF}.Debug|x64.ActiveCfg = Debug|Any CPU
		{666A8411-3645-46F0-9F5D-5FEEB585C9FF}.Debug|x64.Build.0 = Debug|Any CPU
		{666A8411-3645-46F0-9F5D-5FEEB585C9FF}.Debug|x86.ActiveCfg = Debug|Any CPU
		{666A8411-3645-46F0-9F5D-5FEEB585C9FF}.Debug|x86.Build.0 = Debug|Any CPU
		{666A8411-3645-46F0-9F5D-5FEEB585C9FF}.Release|Any CPU.ActiveCfg = Release|Any CPU
		{666A8411-3645-46F0-9F5D-5FEEB585C9FF}.Release|Any CPU.Build.0 = Release|Any CPU
		{666A8411-3645-46F0-9F5D-5FEEB585C9FF}.Release|ARM.ActiveCfg = Release|Any CPU
		{666A8411-3645-46F0-9F5D-5FEEB585C9FF}.Release|ARM.Build.0 = Release|Any CPU
		{666A8411-3645-46F0-9F5D-5FEEB585C9FF}.Release|ARM64.ActiveCfg = Release|Any CPU
		{666A8411-3645-46F0-9F5D-5FEEB585C9FF}.Release|ARM64.Build.0 = Release|Any CPU
		{666A8411-3645-46F0-9F5D-5FEEB585C9FF}.Release|x64.ActiveCfg = Release|Any CPU
		{666A8411-3645-46F0-9F5D-5FEEB585C9FF}.Release|x64.Build.0 = Release|Any CPU
		{666A8411-3645-46F0-9F5D-5FEEB585C9FF}.Release|x86.ActiveCfg = Release|Any CPU
		{666A8411-3645-46F0-9F5D-5FEEB585C9FF}.Release|x86.Build.0 = Release|Any CPU
		{A3054482-612B-48CD-8D44-40DDC2FE4278}.Debug|Any CPU.ActiveCfg = Debug|x64
		{A3054482-612B-48CD-8D44-40DDC2FE4278}.Debug|Any CPU.Build.0 = Debug|x64
		{A3054482-612B-48CD-8D44-40DDC2FE4278}.Debug|Any CPU.Deploy.0 = Debug|x64
		{A3054482-612B-48CD-8D44-40DDC2FE4278}.Debug|ARM.ActiveCfg = Debug|ARM
		{A3054482-612B-48CD-8D44-40DDC2FE4278}.Debug|ARM.Build.0 = Debug|ARM
		{A3054482-612B-48CD-8D44-40DDC2FE4278}.Debug|ARM.Deploy.0 = Debug|ARM
		{A3054482-612B-48CD-8D44-40DDC2FE4278}.Debug|ARM64.ActiveCfg = Debug|ARM64
		{A3054482-612B-48CD-8D44-40DDC2FE4278}.Debug|ARM64.Build.0 = Debug|ARM64
		{A3054482-612B-48CD-8D44-40DDC2FE4278}.Debug|ARM64.Deploy.0 = Debug|ARM64
		{A3054482-612B-48CD-8D44-40DDC2FE4278}.Debug|x64.ActiveCfg = Debug|x64
		{A3054482-612B-48CD-8D44-40DDC2FE4278}.Debug|x64.Build.0 = Debug|x64
		{A3054482-612B-48CD-8D44-40DDC2FE4278}.Debug|x64.Deploy.0 = Debug|x64
		{A3054482-612B-48CD-8D44-40DDC2FE4278}.Debug|x86.ActiveCfg = Debug|x86
		{A3054482-612B-48CD-8D44-40DDC2FE4278}.Debug|x86.Build.0 = Debug|x86
		{A3054482-612B-48CD-8D44-40DDC2FE4278}.Debug|x86.Deploy.0 = Debug|x86
		{A3054482-612B-48CD-8D44-40DDC2FE4278}.Release|Any CPU.ActiveCfg = Release|Any CPU
		{A3054482-612B-48CD-8D44-40DDC2FE4278}.Release|Any CPU.Build.0 = Release|Any CPU
		{A3054482-612B-48CD-8D44-40DDC2FE4278}.Release|Any CPU.Deploy.0 = Release|Any CPU
		{A3054482-612B-48CD-8D44-40DDC2FE4278}.Release|ARM.ActiveCfg = Release|ARM
		{A3054482-612B-48CD-8D44-40DDC2FE4278}.Release|ARM.Build.0 = Release|ARM
		{A3054482-612B-48CD-8D44-40DDC2FE4278}.Release|ARM.Deploy.0 = Release|ARM
		{A3054482-612B-48CD-8D44-40DDC2FE4278}.Release|ARM64.ActiveCfg = Release|ARM64
		{A3054482-612B-48CD-8D44-40DDC2FE4278}.Release|ARM64.Build.0 = Release|ARM64
		{A3054482-612B-48CD-8D44-40DDC2FE4278}.Release|ARM64.Deploy.0 = Release|ARM64
		{A3054482-612B-48CD-8D44-40DDC2FE4278}.Release|x64.ActiveCfg = Release|x64
		{A3054482-612B-48CD-8D44-40DDC2FE4278}.Release|x64.Build.0 = Release|x64
		{A3054482-612B-48CD-8D44-40DDC2FE4278}.Release|x64.Deploy.0 = Release|x64
		{A3054482-612B-48CD-8D44-40DDC2FE4278}.Release|x86.ActiveCfg = Release|x86
		{A3054482-612B-48CD-8D44-40DDC2FE4278}.Release|x86.Build.0 = Release|x86
		{A3054482-612B-48CD-8D44-40DDC2FE4278}.Release|x86.Deploy.0 = Release|x86
	EndGlobalSection
	GlobalSection(SolutionProperties) = preSolution
		HideSolutionNode = FALSE
	EndGlobalSection
	GlobalSection(NestedProjects) = preSolution
		{79DD6ED3-971B-4913-9708-396E01D6DEF8} = {B150E78B-8FC5-4292-BC69-44D1ADDA7633}
		{666A8411-3645-46F0-9F5D-5FEEB585C9FF} = {B150E78B-8FC5-4292-BC69-44D1ADDA7633}
		{C86A9F12-8A0B-4320-AAD3-D98E4671EEBA} = {11370171-39FB-4E64-B981-1BE8107E3BE9}
	EndGlobalSection
	GlobalSection(ExtensibilityGlobals) = postSolution
		SolutionGuid = {C1395B57-A3C6-4B10-877B-CE5E22304279}
	EndGlobalSection
EndGlobal
