
Microsoft Visual Studio Solution File, Format Version 12.00
# Visual Studio Version 17
VisualStudioVersion = 17.3.32922.545
MinimumVisualStudioVersion = 10.0.40219.1
Project("{2150E333-8FDC-42A3-9474-1A3956D46DE8}") = "ApplicationCore", "ApplicationCore", "{B150E78B-8FC5-4292-BC69-44D1ADDA7633}"
EndProject
Project("{9A19103F-16F7-4668-BE54-9A1E7A4F7556}") = "DesktopHost", "DesktopHost\DesktopHost.csproj", "{E77A33C8-7FBB-4AAC-AE26-DAA1A346FB3A}"
EndProject
Project("{9A19103F-16F7-4668-BE54-9A1E7A4F7556}") = "ApplicationCore", "ApplicationCore\ApplicationCore\ApplicationCore.csproj", "{79DD6ED3-971B-4913-9708-396E01D6DEF8}"
EndProject
Project("{9A19103F-16F7-4668-BE54-9A1E7A4F7556}") = "ApplicationCore.Tests.Unit", "ApplicationCore\ApplicationCore.Tests.Unit\ApplicationCore.Tests.Unit.csproj", "{666A8411-3645-46F0-9F5D-5FEEB585C9FF}"
EndProject
Project("{2150E333-8FDC-42A3-9474-1A3956D46DE8}") = "Solution Items", "Solution Items", "{11370171-39FB-4E64-B981-1BE8107E3BE9}"
	ProjectSection(SolutionItems) = preProject
		.gitignore = .gitignore
		tailwind.config.js = tailwind.config.js
		version.json = version.json
	EndProjectSection
EndProject
Project("{C7167F0D-BC9F-4E6E-AFE1-012C56B48DB5}") = "Package", "Package\Package.wapproj", "{A3054482-612B-48CD-8D44-40DDC2FE4278}"
EndProject
Project("{2150E333-8FDC-42A3-9474-1A3956D46DE8}") = "workflows", "workflows", "{C86A9F12-8A0B-4320-AAD3-D98E4671EEBA}"
	ProjectSection(SolutionItems) = preProject
		.github\workflows\deploy_preview.yml = .github\workflows\deploy_preview.yml
		.github\workflows\deploy_release.yml = .github\workflows\deploy_release.yml
	EndProjectSection
EndProject
Project("{2150E333-8FDC-42A3-9474-1A3956D46DE8}") = "Domain", "Domain", "{2CE7906D-AA04-4784-8310-C2728747F9EC}"
EndProject
Project("{9A19103F-16F7-4668-BE54-9A1E7A4F7556}") = "Domain", "Domain\Domain\Domain.csproj", "{9B45FF17-FCB2-48FF-96D4-5C745A3C7F52}"
EndProject
Project("{9A19103F-16F7-4668-BE54-9A1E7A4F7556}") = "Domain.Tests.Unit", "Domain\Domain.Tests.Unit\Domain.Tests.Unit.csproj", "{ED7186CA-24F9-485C-A8C2-A153B5187A19}"
EndProject
Project("{2150E333-8FDC-42A3-9474-1A3956D46DE8}") = "Companies", "Companies", "{E225019E-E5F9-473C-8045-A5604C147506}"
EndProject
Project("{9A19103F-16F7-4668-BE54-9A1E7A4F7556}") = "Companies", "Companies\Companies\Companies.csproj", "{B47EC9C2-5F81-46F8-98B5-AFF1D8171529}"
EndProject
Project("{2150E333-8FDC-42A3-9474-1A3956D46DE8}") = "Orders", "Orders", "{0E9F0CF4-69FD-4AAD-8C36-CA5AD4D9F4C3}"
EndProject
Project("{2150E333-8FDC-42A3-9474-1A3956D46DE8}") = "OrderLoading", "OrderLoading", "{7E8FB352-988C-48FC-A2E7-2ECEBE13DC64}"
EndProject
Project("{9A19103F-16F7-4668-BE54-9A1E7A4F7556}") = "OrderLoading", "Orders\OrderLoading\OrderLoading\OrderLoading.csproj", "{84007AF3-5D9B-46C2-9AB6-BF1D9ECB4088}"
EndProject
Project("{2150E333-8FDC-42A3-9474-1A3956D46DE8}") = "OrderExporting", "OrderExporting", "{D093C801-C5F3-42EE-96E3-56A8F81D1D96}"
EndProject
Project("{9A19103F-16F7-4668-BE54-9A1E7A4F7556}") = "OrderExporting", "Orders\OrderExporting\OrderExporting\OrderExporting.csproj", "{4187C06F-29CC-4B67-9516-919DBAB6B37B}"
EndProject
Project("{FAE04EC0-301F-11D3-BF4B-00C04F79EFBC}") = "OrderExporting.Tests.Unit", "Orders\OrderExporting\OrderExporting.Tests.Unit\OrderExporting.Tests.Unit.csproj", "{46EE5E95-B2A9-48C2-8ED5-F915D860C7E6}"
EndProject
Global
	GlobalSection(SolutionConfigurationPlatforms) = preSolution
		Debug|Any CPU = Debug|Any CPU
		Debug|x64 = Debug|x64
		Debug|x86 = Debug|x86
		Release|Any CPU = Release|Any CPU
		Release|x64 = Release|x64
		Release|x86 = Release|x86
	EndGlobalSection
	GlobalSection(ProjectConfigurationPlatforms) = postSolution
		{E77A33C8-7FBB-4AAC-AE26-DAA1A346FB3A}.Debug|Any CPU.ActiveCfg = Debug|x64
		{E77A33C8-7FBB-4AAC-AE26-DAA1A346FB3A}.Debug|Any CPU.Build.0 = Debug|x64
		{E77A33C8-7FBB-4AAC-AE26-DAA1A346FB3A}.Debug|x64.ActiveCfg = Debug|x64
		{E77A33C8-7FBB-4AAC-AE26-DAA1A346FB3A}.Debug|x64.Build.0 = Debug|x64
		{E77A33C8-7FBB-4AAC-AE26-DAA1A346FB3A}.Debug|x86.ActiveCfg = Debug|x86
		{E77A33C8-7FBB-4AAC-AE26-DAA1A346FB3A}.Debug|x86.Build.0 = Debug|x86
		{E77A33C8-7FBB-4AAC-AE26-DAA1A346FB3A}.Release|Any CPU.ActiveCfg = Release|x64
		{E77A33C8-7FBB-4AAC-AE26-DAA1A346FB3A}.Release|Any CPU.Build.0 = Release|x64
		{E77A33C8-7FBB-4AAC-AE26-DAA1A346FB3A}.Release|x64.ActiveCfg = Release|x64
		{E77A33C8-7FBB-4AAC-AE26-DAA1A346FB3A}.Release|x64.Build.0 = Release|x64
		{E77A33C8-7FBB-4AAC-AE26-DAA1A346FB3A}.Release|x86.ActiveCfg = Release|x86
		{E77A33C8-7FBB-4AAC-AE26-DAA1A346FB3A}.Release|x86.Build.0 = Release|x86
		{79DD6ED3-971B-4913-9708-396E01D6DEF8}.Debug|Any CPU.ActiveCfg = Debug|x64
		{79DD6ED3-971B-4913-9708-396E01D6DEF8}.Debug|Any CPU.Build.0 = Debug|x64
		{79DD6ED3-971B-4913-9708-396E01D6DEF8}.Debug|x64.ActiveCfg = Debug|x64
		{79DD6ED3-971B-4913-9708-396E01D6DEF8}.Debug|x64.Build.0 = Debug|x64
		{79DD6ED3-971B-4913-9708-396E01D6DEF8}.Debug|x86.ActiveCfg = Debug|x86
		{79DD6ED3-971B-4913-9708-396E01D6DEF8}.Debug|x86.Build.0 = Debug|x86
		{79DD6ED3-971B-4913-9708-396E01D6DEF8}.Release|Any CPU.ActiveCfg = Release|x64
		{79DD6ED3-971B-4913-9708-396E01D6DEF8}.Release|Any CPU.Build.0 = Release|x64
		{79DD6ED3-971B-4913-9708-396E01D6DEF8}.Release|x64.ActiveCfg = Release|x64
		{79DD6ED3-971B-4913-9708-396E01D6DEF8}.Release|x64.Build.0 = Release|x64
		{79DD6ED3-971B-4913-9708-396E01D6DEF8}.Release|x86.ActiveCfg = Release|x86
		{79DD6ED3-971B-4913-9708-396E01D6DEF8}.Release|x86.Build.0 = Release|x86
		{666A8411-3645-46F0-9F5D-5FEEB585C9FF}.Debug|Any CPU.ActiveCfg = Debug|Any CPU
		{666A8411-3645-46F0-9F5D-5FEEB585C9FF}.Debug|Any CPU.Build.0 = Debug|Any CPU
		{666A8411-3645-46F0-9F5D-5FEEB585C9FF}.Debug|x64.ActiveCfg = Debug|Any CPU
		{666A8411-3645-46F0-9F5D-5FEEB585C9FF}.Debug|x64.Build.0 = Debug|Any CPU
		{666A8411-3645-46F0-9F5D-5FEEB585C9FF}.Debug|x86.ActiveCfg = Debug|Any CPU
		{666A8411-3645-46F0-9F5D-5FEEB585C9FF}.Debug|x86.Build.0 = Debug|Any CPU
		{666A8411-3645-46F0-9F5D-5FEEB585C9FF}.Release|Any CPU.ActiveCfg = Release|Any CPU
		{666A8411-3645-46F0-9F5D-5FEEB585C9FF}.Release|Any CPU.Build.0 = Release|Any CPU
		{666A8411-3645-46F0-9F5D-5FEEB585C9FF}.Release|x64.ActiveCfg = Release|Any CPU
		{666A8411-3645-46F0-9F5D-5FEEB585C9FF}.Release|x64.Build.0 = Release|Any CPU
		{666A8411-3645-46F0-9F5D-5FEEB585C9FF}.Release|x86.ActiveCfg = Release|Any CPU
		{666A8411-3645-46F0-9F5D-5FEEB585C9FF}.Release|x86.Build.0 = Release|Any CPU
		{A3054482-612B-48CD-8D44-40DDC2FE4278}.Debug|Any CPU.ActiveCfg = Debug|Any CPU
		{A3054482-612B-48CD-8D44-40DDC2FE4278}.Debug|Any CPU.Build.0 = Debug|Any CPU
		{A3054482-612B-48CD-8D44-40DDC2FE4278}.Debug|Any CPU.Deploy.0 = Debug|Any CPU
		{A3054482-612B-48CD-8D44-40DDC2FE4278}.Debug|x64.ActiveCfg = Debug|x64
		{A3054482-612B-48CD-8D44-40DDC2FE4278}.Debug|x64.Build.0 = Debug|x64
		{A3054482-612B-48CD-8D44-40DDC2FE4278}.Debug|x64.Deploy.0 = Debug|x64
		{A3054482-612B-48CD-8D44-40DDC2FE4278}.Debug|x86.ActiveCfg = Debug|x86
		{A3054482-612B-48CD-8D44-40DDC2FE4278}.Debug|x86.Build.0 = Debug|x86
		{A3054482-612B-48CD-8D44-40DDC2FE4278}.Debug|x86.Deploy.0 = Debug|x86
		{A3054482-612B-48CD-8D44-40DDC2FE4278}.Release|Any CPU.ActiveCfg = Release|Any CPU
		{A3054482-612B-48CD-8D44-40DDC2FE4278}.Release|Any CPU.Build.0 = Release|Any CPU
		{A3054482-612B-48CD-8D44-40DDC2FE4278}.Release|Any CPU.Deploy.0 = Release|Any CPU
		{A3054482-612B-48CD-8D44-40DDC2FE4278}.Release|x64.ActiveCfg = Release|x64
		{A3054482-612B-48CD-8D44-40DDC2FE4278}.Release|x64.Build.0 = Release|x64
		{A3054482-612B-48CD-8D44-40DDC2FE4278}.Release|x64.Deploy.0 = Release|x64
		{A3054482-612B-48CD-8D44-40DDC2FE4278}.Release|x86.ActiveCfg = Release|x86
		{A3054482-612B-48CD-8D44-40DDC2FE4278}.Release|x86.Build.0 = Release|x86
		{A3054482-612B-48CD-8D44-40DDC2FE4278}.Release|x86.Deploy.0 = Release|x86
		{9B45FF17-FCB2-48FF-96D4-5C745A3C7F52}.Debug|Any CPU.ActiveCfg = Debug|x64
		{9B45FF17-FCB2-48FF-96D4-5C745A3C7F52}.Debug|Any CPU.Build.0 = Debug|x64
		{9B45FF17-FCB2-48FF-96D4-5C745A3C7F52}.Debug|x64.ActiveCfg = Debug|x64
		{9B45FF17-FCB2-48FF-96D4-5C745A3C7F52}.Debug|x64.Build.0 = Debug|x64
		{9B45FF17-FCB2-48FF-96D4-5C745A3C7F52}.Debug|x86.ActiveCfg = Debug|x86
		{9B45FF17-FCB2-48FF-96D4-5C745A3C7F52}.Debug|x86.Build.0 = Debug|x86
		{9B45FF17-FCB2-48FF-96D4-5C745A3C7F52}.Release|Any CPU.ActiveCfg = Release|x64
		{9B45FF17-FCB2-48FF-96D4-5C745A3C7F52}.Release|Any CPU.Build.0 = Release|x64
		{9B45FF17-FCB2-48FF-96D4-5C745A3C7F52}.Release|x64.ActiveCfg = Release|x64
		{9B45FF17-FCB2-48FF-96D4-5C745A3C7F52}.Release|x64.Build.0 = Release|x64
		{9B45FF17-FCB2-48FF-96D4-5C745A3C7F52}.Release|x86.ActiveCfg = Release|x86
		{9B45FF17-FCB2-48FF-96D4-5C745A3C7F52}.Release|x86.Build.0 = Release|x86
		{ED7186CA-24F9-485C-A8C2-A153B5187A19}.Debug|Any CPU.ActiveCfg = Debug|Any CPU
		{ED7186CA-24F9-485C-A8C2-A153B5187A19}.Debug|Any CPU.Build.0 = Debug|Any CPU
		{ED7186CA-24F9-485C-A8C2-A153B5187A19}.Debug|x64.ActiveCfg = Debug|Any CPU
		{ED7186CA-24F9-485C-A8C2-A153B5187A19}.Debug|x64.Build.0 = Debug|Any CPU
		{ED7186CA-24F9-485C-A8C2-A153B5187A19}.Debug|x86.ActiveCfg = Debug|Any CPU
		{ED7186CA-24F9-485C-A8C2-A153B5187A19}.Debug|x86.Build.0 = Debug|Any CPU
		{ED7186CA-24F9-485C-A8C2-A153B5187A19}.Release|Any CPU.ActiveCfg = Release|Any CPU
		{ED7186CA-24F9-485C-A8C2-A153B5187A19}.Release|Any CPU.Build.0 = Release|Any CPU
		{ED7186CA-24F9-485C-A8C2-A153B5187A19}.Release|x64.ActiveCfg = Release|Any CPU
		{ED7186CA-24F9-485C-A8C2-A153B5187A19}.Release|x64.Build.0 = Release|Any CPU
		{ED7186CA-24F9-485C-A8C2-A153B5187A19}.Release|x86.ActiveCfg = Release|Any CPU
		{ED7186CA-24F9-485C-A8C2-A153B5187A19}.Release|x86.Build.0 = Release|Any CPU
		{B47EC9C2-5F81-46F8-98B5-AFF1D8171529}.Debug|Any CPU.ActiveCfg = Debug|x64
		{B47EC9C2-5F81-46F8-98B5-AFF1D8171529}.Debug|Any CPU.Build.0 = Debug|x64
		{B47EC9C2-5F81-46F8-98B5-AFF1D8171529}.Debug|x64.ActiveCfg = Debug|x64
		{B47EC9C2-5F81-46F8-98B5-AFF1D8171529}.Debug|x64.Build.0 = Debug|x64
		{B47EC9C2-5F81-46F8-98B5-AFF1D8171529}.Debug|x86.ActiveCfg = Debug|x86
		{B47EC9C2-5F81-46F8-98B5-AFF1D8171529}.Debug|x86.Build.0 = Debug|x86
		{B47EC9C2-5F81-46F8-98B5-AFF1D8171529}.Release|Any CPU.ActiveCfg = Release|x64
		{B47EC9C2-5F81-46F8-98B5-AFF1D8171529}.Release|Any CPU.Build.0 = Release|x64
		{B47EC9C2-5F81-46F8-98B5-AFF1D8171529}.Release|x64.ActiveCfg = Release|x64
		{B47EC9C2-5F81-46F8-98B5-AFF1D8171529}.Release|x64.Build.0 = Release|x64
		{B47EC9C2-5F81-46F8-98B5-AFF1D8171529}.Release|x86.ActiveCfg = Release|x86
		{B47EC9C2-5F81-46F8-98B5-AFF1D8171529}.Release|x86.Build.0 = Release|x86
		{84007AF3-5D9B-46C2-9AB6-BF1D9ECB4088}.Debug|Any CPU.ActiveCfg = Debug|x64
		{84007AF3-5D9B-46C2-9AB6-BF1D9ECB4088}.Debug|Any CPU.Build.0 = Debug|x64
		{84007AF3-5D9B-46C2-9AB6-BF1D9ECB4088}.Debug|x64.ActiveCfg = Debug|x64
		{84007AF3-5D9B-46C2-9AB6-BF1D9ECB4088}.Debug|x64.Build.0 = Debug|x64
		{84007AF3-5D9B-46C2-9AB6-BF1D9ECB4088}.Debug|x86.ActiveCfg = Debug|x86
		{84007AF3-5D9B-46C2-9AB6-BF1D9ECB4088}.Debug|x86.Build.0 = Debug|x86
		{84007AF3-5D9B-46C2-9AB6-BF1D9ECB4088}.Release|Any CPU.ActiveCfg = Release|x64
		{84007AF3-5D9B-46C2-9AB6-BF1D9ECB4088}.Release|Any CPU.Build.0 = Release|x64
		{84007AF3-5D9B-46C2-9AB6-BF1D9ECB4088}.Release|x64.ActiveCfg = Release|x64
		{84007AF3-5D9B-46C2-9AB6-BF1D9ECB4088}.Release|x64.Build.0 = Release|x64
		{84007AF3-5D9B-46C2-9AB6-BF1D9ECB4088}.Release|x86.ActiveCfg = Release|x86
		{84007AF3-5D9B-46C2-9AB6-BF1D9ECB4088}.Release|x86.Build.0 = Release|x86
		{4187C06F-29CC-4B67-9516-919DBAB6B37B}.Debug|Any CPU.ActiveCfg = Debug|x64
		{4187C06F-29CC-4B67-9516-919DBAB6B37B}.Debug|Any CPU.Build.0 = Debug|x64
		{4187C06F-29CC-4B67-9516-919DBAB6B37B}.Debug|x64.ActiveCfg = Debug|x64
		{4187C06F-29CC-4B67-9516-919DBAB6B37B}.Debug|x64.Build.0 = Debug|x64
		{4187C06F-29CC-4B67-9516-919DBAB6B37B}.Debug|x86.ActiveCfg = Debug|x86
		{4187C06F-29CC-4B67-9516-919DBAB6B37B}.Debug|x86.Build.0 = Debug|x86
		{4187C06F-29CC-4B67-9516-919DBAB6B37B}.Release|Any CPU.ActiveCfg = Release|x64
		{4187C06F-29CC-4B67-9516-919DBAB6B37B}.Release|Any CPU.Build.0 = Release|x64
		{4187C06F-29CC-4B67-9516-919DBAB6B37B}.Release|x64.ActiveCfg = Release|x64
		{4187C06F-29CC-4B67-9516-919DBAB6B37B}.Release|x64.Build.0 = Release|x64
		{4187C06F-29CC-4B67-9516-919DBAB6B37B}.Release|x86.ActiveCfg = Release|x86
		{4187C06F-29CC-4B67-9516-919DBAB6B37B}.Release|x86.Build.0 = Release|x86
		{46EE5E95-B2A9-48C2-8ED5-F915D860C7E6}.Debug|Any CPU.ActiveCfg = Debug|Any CPU
		{46EE5E95-B2A9-48C2-8ED5-F915D860C7E6}.Debug|Any CPU.Build.0 = Debug|Any CPU
		{46EE5E95-B2A9-48C2-8ED5-F915D860C7E6}.Debug|x64.ActiveCfg = Debug|Any CPU
		{46EE5E95-B2A9-48C2-8ED5-F915D860C7E6}.Debug|x64.Build.0 = Debug|Any CPU
		{46EE5E95-B2A9-48C2-8ED5-F915D860C7E6}.Debug|x86.ActiveCfg = Debug|Any CPU
		{46EE5E95-B2A9-48C2-8ED5-F915D860C7E6}.Debug|x86.Build.0 = Debug|Any CPU
		{46EE5E95-B2A9-48C2-8ED5-F915D860C7E6}.Release|Any CPU.ActiveCfg = Release|Any CPU
		{46EE5E95-B2A9-48C2-8ED5-F915D860C7E6}.Release|Any CPU.Build.0 = Release|Any CPU
		{46EE5E95-B2A9-48C2-8ED5-F915D860C7E6}.Release|x64.ActiveCfg = Release|Any CPU
		{46EE5E95-B2A9-48C2-8ED5-F915D860C7E6}.Release|x64.Build.0 = Release|Any CPU
		{46EE5E95-B2A9-48C2-8ED5-F915D860C7E6}.Release|x86.ActiveCfg = Release|Any CPU
		{46EE5E95-B2A9-48C2-8ED5-F915D860C7E6}.Release|x86.Build.0 = Release|Any CPU
	EndGlobalSection
	GlobalSection(SolutionProperties) = preSolution
		HideSolutionNode = FALSE
	EndGlobalSection
	GlobalSection(NestedProjects) = preSolution
		{79DD6ED3-971B-4913-9708-396E01D6DEF8} = {B150E78B-8FC5-4292-BC69-44D1ADDA7633}
		{666A8411-3645-46F0-9F5D-5FEEB585C9FF} = {B150E78B-8FC5-4292-BC69-44D1ADDA7633}
		{C86A9F12-8A0B-4320-AAD3-D98E4671EEBA} = {11370171-39FB-4E64-B981-1BE8107E3BE9}
		{9B45FF17-FCB2-48FF-96D4-5C745A3C7F52} = {2CE7906D-AA04-4784-8310-C2728747F9EC}
		{ED7186CA-24F9-485C-A8C2-A153B5187A19} = {2CE7906D-AA04-4784-8310-C2728747F9EC}
		{B47EC9C2-5F81-46F8-98B5-AFF1D8171529} = {E225019E-E5F9-473C-8045-A5604C147506}
		{7E8FB352-988C-48FC-A2E7-2ECEBE13DC64} = {0E9F0CF4-69FD-4AAD-8C36-CA5AD4D9F4C3}
		{84007AF3-5D9B-46C2-9AB6-BF1D9ECB4088} = {7E8FB352-988C-48FC-A2E7-2ECEBE13DC64}
		{D093C801-C5F3-42EE-96E3-56A8F81D1D96} = {0E9F0CF4-69FD-4AAD-8C36-CA5AD4D9F4C3}
		{4187C06F-29CC-4B67-9516-919DBAB6B37B} = {D093C801-C5F3-42EE-96E3-56A8F81D1D96}
		{46EE5E95-B2A9-48C2-8ED5-F915D860C7E6} = {D093C801-C5F3-42EE-96E3-56A8F81D1D96}
	EndGlobalSection
	GlobalSection(ExtensibilityGlobals) = postSolution
		SolutionGuid = {C1395B57-A3C6-4B10-877B-CE5E22304279}
	EndGlobalSection
EndGlobal
